
Microsoft Visual Studio Solution File, Format Version 12.00
Project("{2150E333-8FDC-42A3-9474-1A3956D46DE8}") = "rating", "rating", "{4752BA30-A065-486A-BEB4-86CD0D9BFB06}"
EndProject
Project("{2150E333-8FDC-42A3-9474-1A3956D46DE8}") = "src", "src", "{593CC07B-31D7-41D8-91A5-A0657456407F}"
EndProject
Project("{FAE04EC0-301F-11D3-BF4B-00C04F79EFBC}") = "Api", "rating\src\Api\Api.csproj", "{1E3A1BE9-C2A1-4424-9636-516F29BFFE3B}"
EndProject
Project("{2150E333-8FDC-42A3-9474-1A3956D46DE8}") = "shared", "shared", "{550C18F0-99BE-40BE-BC19-4CF79B5D8D45}"
EndProject
Project("{FAE04EC0-301F-11D3-BF4B-00C04F79EFBC}") = "Domain", "rating\src\Domain\Domain.csproj", "{D0BB53E4-256E-42A4-9FDD-D386CF70DA42}"
EndProject
Project("{FAE04EC0-301F-11D3-BF4B-00C04F79EFBC}") = "Infrastructure", "rating\src\Infrastructure\Infrastructure.csproj", "{F7295C09-43CA-4759-8131-DC14162C33F7}"
EndProject
Project("{FAE04EC0-301F-11D3-BF4B-00C04F79EFBC}") = "Common", "shared\Common\Common.csproj", "{A4DE9D56-B08F-4DAB-94C5-093F2220F8A7}"
EndProject
Project("{FAE04EC0-301F-11D3-BF4B-00C04F79EFBC}") = "Core", "shared\Core\Core.csproj", "{CAECBFD5-AD9A-43AF-B391-CF82C181625C}"
EndProject
Project("{FAE04EC0-301F-11D3-BF4B-00C04F79EFBC}") = "Contract", "shared\Contract\Contract.csproj", "{D02A2623-A71F-48FA-A593-1FE223574863}"
EndProject
Project("{2150E333-8FDC-42A3-9474-1A3956D46DE8}") = "notification", "notification", "{35F1DFCD-B9AC-4CA3-946D-0E72DAC5B3E6}"
EndProject
Project("{2150E333-8FDC-42A3-9474-1A3956D46DE8}") = "src", "src", "{54A9ABAA-8328-410C-BCBB-B488DE744F52}"
EndProject
Project("{FAE04EC0-301F-11D3-BF4B-00C04F79EFBC}") = "Consumer", "notification\src\Consumer\Consumer.csproj", "{8290E4E5-3C6D-4C96-AFD6-4639C2CE235F}"
EndProject
Project("{2150E333-8FDC-42A3-9474-1A3956D46DE8}") = "Solution Items", "Solution Items", "{233BE7F3-A6B3-497C-8C69-DEC62D78CD24}"
	ProjectSection(SolutionItems) = preProject
		docker-compose.yml = docker-compose.yml
	EndProjectSection
EndProject
Project("{FAE04EC0-301F-11D3-BF4B-00C04F79EFBC}") = "Infrastructure", "notification\src\Infrastructure\Infrastructure.csproj", "{E671A432-74B3-4907-89B8-9C0EBE60B572}"
EndProject
Project("{FAE04EC0-301F-11D3-BF4B-00C04F79EFBC}") = "Domain", "notification\src\Domain\Domain.csproj", "{920E234A-847F-4071-AF17-026C2D108149}"
EndProject
Project("{2150E333-8FDC-42A3-9474-1A3956D46DE8}") = "test", "test", "{A89EA3D4-AA5C-42D5-8C38-BC7C3632B517}"
EndProject
Project("{FAE04EC0-301F-11D3-BF4B-00C04F79EFBC}") = "Api.Test", "rating\test\Api.Test\Api.Test.csproj", "{5005E412-9DD9-4237-A817-728383D92ACB}"
EndProject
Global
	GlobalSection(SolutionConfigurationPlatforms) = preSolution
		Debug|Any CPU = Debug|Any CPU
		Release|Any CPU = Release|Any CPU
	EndGlobalSection
	GlobalSection(NestedProjects) = preSolution
		{593CC07B-31D7-41D8-91A5-A0657456407F} = {4752BA30-A065-486A-BEB4-86CD0D9BFB06}
		{1E3A1BE9-C2A1-4424-9636-516F29BFFE3B} = {593CC07B-31D7-41D8-91A5-A0657456407F}
		{D0BB53E4-256E-42A4-9FDD-D386CF70DA42} = {593CC07B-31D7-41D8-91A5-A0657456407F}
		{F7295C09-43CA-4759-8131-DC14162C33F7} = {593CC07B-31D7-41D8-91A5-A0657456407F}
		{A4DE9D56-B08F-4DAB-94C5-093F2220F8A7} = {550C18F0-99BE-40BE-BC19-4CF79B5D8D45}
		{CAECBFD5-AD9A-43AF-B391-CF82C181625C} = {550C18F0-99BE-40BE-BC19-4CF79B5D8D45}
		{D02A2623-A71F-48FA-A593-1FE223574863} = {550C18F0-99BE-40BE-BC19-4CF79B5D8D45}
		{54A9ABAA-8328-410C-BCBB-B488DE744F52} = {35F1DFCD-B9AC-4CA3-946D-0E72DAC5B3E6}
		{8290E4E5-3C6D-4C96-AFD6-4639C2CE235F} = {54A9ABAA-8328-410C-BCBB-B488DE744F52}
		{E671A432-74B3-4907-89B8-9C0EBE60B572} = {54A9ABAA-8328-410C-BCBB-B488DE744F52}
		{920E234A-847F-4071-AF17-026C2D108149} = {54A9ABAA-8328-410C-BCBB-B488DE744F52}
		{A89EA3D4-AA5C-42D5-8C38-BC7C3632B517} = {4752BA30-A065-486A-BEB4-86CD0D9BFB06}
		{5005E412-9DD9-4237-A817-728383D92ACB} = {A89EA3D4-AA5C-42D5-8C38-BC7C3632B517}
	EndGlobalSection
	GlobalSection(ProjectConfigurationPlatforms) = postSolution
		{1E3A1BE9-C2A1-4424-9636-516F29BFFE3B}.Debug|Any CPU.ActiveCfg = Debug|Any CPU
		{1E3A1BE9-C2A1-4424-9636-516F29BFFE3B}.Debug|Any CPU.Build.0 = Debug|Any CPU
		{1E3A1BE9-C2A1-4424-9636-516F29BFFE3B}.Release|Any CPU.ActiveCfg = Release|Any CPU
		{1E3A1BE9-C2A1-4424-9636-516F29BFFE3B}.Release|Any CPU.Build.0 = Release|Any CPU
		{D0BB53E4-256E-42A4-9FDD-D386CF70DA42}.Debug|Any CPU.ActiveCfg = Debug|Any CPU
		{D0BB53E4-256E-42A4-9FDD-D386CF70DA42}.Debug|Any CPU.Build.0 = Debug|Any CPU
		{D0BB53E4-256E-42A4-9FDD-D386CF70DA42}.Release|Any CPU.ActiveCfg = Release|Any CPU
		{D0BB53E4-256E-42A4-9FDD-D386CF70DA42}.Release|Any CPU.Build.0 = Release|Any CPU
		{F7295C09-43CA-4759-8131-DC14162C33F7}.Debug|Any CPU.ActiveCfg = Debug|Any CPU
		{F7295C09-43CA-4759-8131-DC14162C33F7}.Debug|Any CPU.Build.0 = Debug|Any CPU
		{F7295C09-43CA-4759-8131-DC14162C33F7}.Release|Any CPU.ActiveCfg = Release|Any CPU
		{F7295C09-43CA-4759-8131-DC14162C33F7}.Release|Any CPU.Build.0 = Release|Any CPU
		{A4DE9D56-B08F-4DAB-94C5-093F2220F8A7}.Debug|Any CPU.ActiveCfg = Debug|Any CPU
		{A4DE9D56-B08F-4DAB-94C5-093F2220F8A7}.Debug|Any CPU.Build.0 = Debug|Any CPU
		{A4DE9D56-B08F-4DAB-94C5-093F2220F8A7}.Release|Any CPU.ActiveCfg = Release|Any CPU
		{A4DE9D56-B08F-4DAB-94C5-093F2220F8A7}.Release|Any CPU.Build.0 = Release|Any CPU
		{CAECBFD5-AD9A-43AF-B391-CF82C181625C}.Debug|Any CPU.ActiveCfg = Debug|Any CPU
		{CAECBFD5-AD9A-43AF-B391-CF82C181625C}.Debug|Any CPU.Build.0 = Debug|Any CPU
		{CAECBFD5-AD9A-43AF-B391-CF82C181625C}.Release|Any CPU.ActiveCfg = Release|Any CPU
		{CAECBFD5-AD9A-43AF-B391-CF82C181625C}.Release|Any CPU.Build.0 = Release|Any CPU
		{D02A2623-A71F-48FA-A593-1FE223574863}.Debug|Any CPU.ActiveCfg = Debug|Any CPU
		{D02A2623-A71F-48FA-A593-1FE223574863}.Debug|Any CPU.Build.0 = Debug|Any CPU
		{D02A2623-A71F-48FA-A593-1FE223574863}.Release|Any CPU.ActiveCfg = Release|Any CPU
		{D02A2623-A71F-48FA-A593-1FE223574863}.Release|Any CPU.Build.0 = Release|Any CPU
		{8290E4E5-3C6D-4C96-AFD6-4639C2CE235F}.Debug|Any CPU.ActiveCfg = Debug|Any CPU
		{8290E4E5-3C6D-4C96-AFD6-4639C2CE235F}.Debug|Any CPU.Build.0 = Debug|Any CPU
		{8290E4E5-3C6D-4C96-AFD6-4639C2CE235F}.Release|Any CPU.ActiveCfg = Release|Any CPU
		{8290E4E5-3C6D-4C96-AFD6-4639C2CE235F}.Release|Any CPU.Build.0 = Release|Any CPU
		{E671A432-74B3-4907-89B8-9C0EBE60B572}.Debug|Any CPU.ActiveCfg = Debug|Any CPU
		{E671A432-74B3-4907-89B8-9C0EBE60B572}.Debug|Any CPU.Build.0 = Debug|Any CPU
		{E671A432-74B3-4907-89B8-9C0EBE60B572}.Release|Any CPU.ActiveCfg = Release|Any CPU
		{E671A432-74B3-4907-89B8-9C0EBE60B572}.Release|Any CPU.Build.0 = Release|Any CPU
		{920E234A-847F-4071-AF17-026C2D108149}.Debug|Any CPU.ActiveCfg = Debug|Any CPU
		{920E234A-847F-4071-AF17-026C2D108149}.Debug|Any CPU.Build.0 = Debug|Any CPU
		{920E234A-847F-4071-AF17-026C2D108149}.Release|Any CPU.ActiveCfg = Release|Any CPU
		{920E234A-847F-4071-AF17-026C2D108149}.Release|Any CPU.Build.0 = Release|Any CPU
		{5005E412-9DD9-4237-A817-728383D92ACB}.Debug|Any CPU.ActiveCfg = Debug|Any CPU
		{5005E412-9DD9-4237-A817-728383D92ACB}.Debug|Any CPU.Build.0 = Debug|Any CPU
		{5005E412-9DD9-4237-A817-728383D92ACB}.Release|Any CPU.ActiveCfg = Release|Any CPU
		{5005E412-9DD9-4237-A817-728383D92ACB}.Release|Any CPU.Build.0 = Release|Any CPU
	EndGlobalSection
EndGlobal
